
Microsoft Visual Studio Solution File, Format Version 12.00
# Visual Studio Version 17
VisualStudioVersion = 17.11.35327.3
MinimumVisualStudioVersion = 10.0.40219.1
Project("{FAE04EC0-301F-11D3-BF4B-00C04F79EFBC}") = "ComPortAggregator", "ComPortAggregator\ComPortAggregator.csproj", "{AADFA286-791E-4B3A-9955-25DCDFD361AA}"
EndProject
Global
	GlobalSection(SolutionConfigurationPlatforms) = preSolution
		Debug|Any CPU = Debug|Any CPU
		Release|Any CPU = Release|Any CPU
	EndGlobalSection
	GlobalSection(ProjectConfigurationPlatforms) = postSolution
		{AADFA286-791E-4B3A-9955-25DCDFD361AA}.Debug|Any CPU.ActiveCfg = Debug|Any CPU
		{AADFA286-791E-4B3A-9955-25DCDFD361AA}.Debug|Any CPU.Build.0 = Debug|Any CPU
		{AADFA286-791E-4B3A-9955-25DCDFD361AA}.Release|Any CPU.ActiveCfg = Release|Any CPU
		{AADFA286-791E-4B3A-9955-25DCDFD361AA}.Release|Any CPU.Build.0 = Release|Any CPU
	EndGlobalSection
	GlobalSection(SolutionProperties) = preSolution
		HideSolutionNode = FALSE
	EndGlobalSection
	GlobalSection(ExtensibilityGlobals) = postSolution
		SolutionGuid = {A65E83C6-26C3-406A-84E9-9D567FB1D2B7}
	EndGlobalSection
EndGlobal
